schema: '2.0'
stages:
  data_ingestion:
    cmd: python src/data_ingestion.py
    deps:
    - path: src/data_ingestion.py
      hash: md5
      md5: 9da8f0853a1fe9dcdf42a7163bc82e7d
      size: 3650
    params:
      params.yaml:
        data_ingestion.test_size: 0.2
    outs:
    - path: data/raw
      hash: md5
      md5: afe8e1cd45ad89d6356a52bb32785c3b.dir
      size: 511598
      nfiles: 2
  data_preprocessing:
    cmd: python src/data_preprocessing.py
    deps:
    - path: data/raw
      hash: md5
      md5: afe8e1cd45ad89d6356a52bb32785c3b.dir
      size: 511598
      nfiles: 2
    - path: src/data_preprocessing.py
      hash: md5
      md5: 3d165c8bf475e17c64456f5520b2a9de
      size: 4359
    outs:
    - path: data/interim
      hash: md5
      md5: 4ed9f5e5f4644dbcb69d3ed5af6c62a8.dir
      size: 305708
      nfiles: 2
  feature_enginerring:
    cmd: python src/feature_enginerring.py
    deps:
    - path: data/interim
      hash: md5
      md5: 4ed9f5e5f4644dbcb69d3ed5af6c62a8.dir
      size: 305708
      nfiles: 2
    - path: src/feature_enginerring.py
      hash: md5
      md5: 3fcb01faea089d35b9265a4a7c632313
      size: 3893
    params:
      params.yaml:
        feature_enginerring.max_features: 45
    outs:
    - path: data/processed
      hash: md5
      md5: 32823de29ba8da219b8c6629a2a0a310.dir
      size: 1130671
      nfiles: 2
  model_building:
    cmd: python src/model_building.py
    deps:
    - path: data/processed
      hash: md5
      md5: 32823de29ba8da219b8c6629a2a0a310.dir
      size: 1130671
      nfiles: 2
    - path: src/model_building.py
      hash: md5
      md5: a5d58225eb9f59873ee2295d421a5f52
      size: 4499
    params:
      params.yaml:
        model_building.n_estimators: 25
        model_building.random_state: 20
    outs:
    - path: models/model.pkl
      hash: md5
      md5: 788bd2eec7c218162c705c396ad011c2
      size: 1033815
  model_evaluation:
    cmd: python src/model_evaluation.py
    deps:
    - path: models/model.pkl
      hash: md5
      md5: 788bd2eec7c218162c705c396ad011c2
      size: 1033815
    - path: src/model_evaluation.py
      hash: md5
      md5: 68375b61a490624a77690251118864fd
      size: 3571
    outs:
    - path: reports/metrics.json
      hash: md5
      md5: ec19ea923052c82e6311b4c26a2a74e5
      size: 145
