schema: '2.0'
stages:
  data_ingestion:
    cmd: python src/data_ingestion.py
    deps:
    - path: src/data_ingestion.py
      hash: md5
      md5: 9da8f0853a1fe9dcdf42a7163bc82e7d
      size: 3650
    params:
      params.yaml:
        data_ingestion.test_size: 0.25
    outs:
    - path: data/raw
      hash: md5
      md5: f004eb8cbf5d47cecf902b0b91dab817.dir
      size: 511598
      nfiles: 2
  data_preprocessing:
    cmd: python src/data_preprocessing.py
    deps:
    - path: data/raw
      hash: md5
      md5: f004eb8cbf5d47cecf902b0b91dab817.dir
      size: 511598
      nfiles: 2
    - path: src/data_preprocessing.py
      hash: md5
      md5: 3d165c8bf475e17c64456f5520b2a9de
      size: 4359
    outs:
    - path: data/interim
      hash: md5
      md5: d66400d396a580200ac78166cfafbcf0.dir
      size: 305708
      nfiles: 2
  feature_enginerring:
    cmd: python src/feature_enginerring.py
    deps:
    - path: data/interim
      hash: md5
      md5: d66400d396a580200ac78166cfafbcf0.dir
      size: 305708
      nfiles: 2
    - path: src/feature_enginerring.py
      hash: md5
      md5: 3fcb01faea089d35b9265a4a7c632313
      size: 3893
    params:
      params.yaml:
        feature_enginerring.max_features: 55
    outs:
    - path: data/processed
      hash: md5
      md5: b1656291a7069c30bdebbafcb0734c35.dir
      size: 1372960
      nfiles: 2
  model_building:
    cmd: python src/model_building.py
    deps:
    - path: data/processed
      hash: md5
      md5: b1656291a7069c30bdebbafcb0734c35.dir
      size: 1372960
      nfiles: 2
    - path: src/model_building.py
      hash: md5
      md5: a5d58225eb9f59873ee2295d421a5f52
      size: 4499
    params:
      params.yaml:
        model_building.n_estimators: 80
        model_building.random_state: 42
    outs:
    - path: models/model.pkl
      hash: md5
      md5: 1a5cfc85c7dd3d29651d96e1a0e16897
      size: 3300152
  model_evaluation:
    cmd: python src/model_evaluation.py
    deps:
    - path: models/model.pkl
      hash: md5
      md5: 1a5cfc85c7dd3d29651d96e1a0e16897
      size: 3300152
    - path: src/model_evaluation.py
      hash: md5
      md5: 2ae0206ee4b236abc91a60ab99ed359e
      size: 4496
    outs:
    - path: reports/metrics.json
      hash: md5
      md5: c6f1a0b59f37b561968c7f229769cba3
      size: 145
